
Microsoft Visual Studio Solution File, Format Version 12.00
# Visual Studio Version 16
VisualStudioVersion = 16.0.31205.134
MinimumVisualStudioVersion = 10.0.40219.1
Project("{9A19103F-16F7-4668-BE54-9A1E7A4F7556}") = "AirLineManagementSystem", "AirLineManagementSystem\AirLineManagementSystem.csproj", "{F899F8B3-B65E-4227-AD56-0DBF0E1D9CFC}"
EndProject
Global
	GlobalSection(SolutionConfigurationPlatforms) = preSolution
		Debug|Any CPU = Debug|Any CPU
		Release|Any CPU = Release|Any CPU
	EndGlobalSection
	GlobalSection(ProjectConfigurationPlatforms) = postSolution
		{F899F8B3-B65E-4227-AD56-0DBF0E1D9CFC}.Debug|Any CPU.ActiveCfg = Debug|Any CPU
		{F899F8B3-B65E-4227-AD56-0DBF0E1D9CFC}.Debug|Any CPU.Build.0 = Debug|Any CPU
		{F899F8B3-B65E-4227-AD56-0DBF0E1D9CFC}.Release|Any CPU.ActiveCfg = Release|Any CPU
		{F899F8B3-B65E-4227-AD56-0DBF0E1D9CFC}.Release|Any CPU.Build.0 = Release|Any CPU
	EndGlobalSection
	GlobalSection(SolutionProperties) = preSolution
		HideSolutionNode = FALSE
	EndGlobalSection
	GlobalSection(ExtensibilityGlobals) = postSolution
		SolutionGuid = {1F7512AA-2E83-4725-97BF-9EA926A02804}
	EndGlobalSection
EndGlobal
